
Microsoft Visual Studio Solution File, Format Version 12.00
# Visual Studio Version 17
VisualStudioVersion = 17.14.37216.2 d17.14
MinimumVisualStudioVersion = 10.0.40219.1
Project("{FAE04EC0-301F-11D3-BF4B-00C04F79EFBC}") = "MathWorldAPI", "MathWorldAPI.csproj", "{1A5CA712-BA33-BD91-E15E-7E95ADD7C666}"
EndProject
Global
	GlobalSection(SolutionConfigurationPlatforms) = preSolution
		Debug|Any CPU = Debug|Any CPU
		Release|Any CPU = Release|Any CPU
	EndGlobalSection
	GlobalSection(ProjectConfigurationPlatforms) = postSolution
		{1A5CA712-BA33-BD91-E15E-7E95ADD7C666}.Debug|Any CPU.ActiveCfg = Debug|Any CPU
		{1A5CA712-BA33-BD91-E15E-7E95ADD7C666}.Debug|Any CPU.Build.0 = Debug|Any CPU
		{1A5CA712-BA33-BD91-E15E-7E95ADD7C666}.Release|Any CPU.ActiveCfg = Release|Any CPU
		{1A5CA712-BA33-BD91-E15E-7E95ADD7C666}.Release|Any CPU.Build.0 = Release|Any CPU
	EndGlobalSection
	GlobalSection(SolutionProperties) = preSolution
		HideSolutionNode = FALSE
	EndGlobalSection
	GlobalSection(ExtensibilityGlobals) = postSolution
		SolutionGuid = {329EDCAC-DC01-418A-8389-8F4C9931748A}
	EndGlobalSection
EndGlobal
